// !$*UTF8*$!
{
	archiveVersion = 1;
	classes = {
	};
	objectVersion = 51;
	objects = {

/* Begin PBXBuildFile section */
		11A4BCB62572CC5500C09D7A /* AuthService.swift in Sources */ = {isa = PBXBuildFile; fileRef = 11A4BCB52572CC5500C09D7A /* AuthService.swift */; };
		11A4BCB92574151D00C09D7A /* NewMessageController.swift in Sources */ = {isa = PBXBuildFile; fileRef = 11A4BCB82574151D00C09D7A /* NewMessageController.swift */; };
		11A4BCBC257422D200C09D7A /* UserCell.swift in Sources */ = {isa = PBXBuildFile; fileRef = 11A4BCBB257422D200C09D7A /* UserCell.swift */; };
		11A4BCBF2574287800C09D7A /* User.swift in Sources */ = {isa = PBXBuildFile; fileRef = 11A4BCBE2574287800C09D7A /* User.swift */; };
		11A4BCC2257428F900C09D7A /* Service.swift in Sources */ = {isa = PBXBuildFile; fileRef = 11A4BCC1257428F900C09D7A /* Service.swift */; };
		11F7E21E256FA773000B8B30 /* AppDelegate.swift in Sources */ = {isa = PBXBuildFile; fileRef = 11F7E21D256FA773000B8B30 /* AppDelegate.swift */; };
		11F7E220256FA773000B8B30 /* SceneDelegate.swift in Sources */ = {isa = PBXBuildFile; fileRef = 11F7E21F256FA773000B8B30 /* SceneDelegate.swift */; };
		11F7E222256FA773000B8B30 /* ViewController.swift in Sources */ = {isa = PBXBuildFile; fileRef = 11F7E221256FA773000B8B30 /* ViewController.swift */; };
		11F7E225256FA773000B8B30 /* Main.storyboard in Resources */ = {isa = PBXBuildFile; fileRef = 11F7E223256FA773000B8B30 /* Main.storyboard */; };
		11F7E227256FA776000B8B30 /* Assets.xcassets in Resources */ = {isa = PBXBuildFile; fileRef = 11F7E226256FA776000B8B30 /* Assets.xcassets */; };
		11F7E22A256FA776000B8B30 /* LaunchScreen.storyboard in Resources */ = {isa = PBXBuildFile; fileRef = 11F7E228256FA776000B8B30 /* LaunchScreen.storyboard */; };
		11F7E23F256FA806000B8B30 /* ConversationsController.swift in Sources */ = {isa = PBXBuildFile; fileRef = 11F7E23E256FA806000B8B30 /* ConversationsController.swift */; };
		11F7E243256FB167000B8B30 /* LoginController.swift in Sources */ = {isa = PBXBuildFile; fileRef = 11F7E242256FB167000B8B30 /* LoginController.swift */; };
		11F7E247256FB16E000B8B30 /* RegistrationController.swift in Sources */ = {isa = PBXBuildFile; fileRef = 11F7E246256FB16E000B8B30 /* RegistrationController.swift */; };
		11F7E24A256FB752000B8B30 /* Extensions.swift in Sources */ = {isa = PBXBuildFile; fileRef = 11F7E249256FB752000B8B30 /* Extensions.swift */; };
		11F7E24D2570EFF9000B8B30 /* InputContainerView.swift in Sources */ = {isa = PBXBuildFile; fileRef = 11F7E24C2570EFF9000B8B30 /* InputContainerView.swift */; };
		11F7E2502570F2F5000B8B30 /* CustomTextField.swift in Sources */ = {isa = PBXBuildFile; fileRef = 11F7E24F2570F2F5000B8B30 /* CustomTextField.swift */; };
		11F7E2572570FF90000B8B30 /* CustomAuthButton.swift in Sources */ = {isa = PBXBuildFile; fileRef = 11F7E2562570FF90000B8B30 /* CustomAuthButton.swift */; };
		11F7E25C25710B3A000B8B30 /* LoginViewModel.swift in Sources */ = {isa = PBXBuildFile; fileRef = 11F7E25B25710B3A000B8B30 /* LoginViewModel.swift */; };
		11F7E26125714A8F000B8B30 /* RegistrationViewModel.swift in Sources */ = {isa = PBXBuildFile; fileRef = 11F7E26025714A8F000B8B30 /* RegistrationViewModel.swift */; };
		11F7E267257152AE000B8B30 /* GoogleService-Info.plist in Resources */ = {isa = PBXBuildFile; fileRef = 11F7E266257152AE000B8B30 /* GoogleService-Info.plist */; };
		B55DDC1B2BE6A412DA08E3A2 /* Pods_ChipChat.framework in Frameworks */ = {isa = PBXBuildFile; fileRef = 4998FAE1DF718C61CB398215 /* Pods_ChipChat.framework */; };
/* End PBXBuildFile section */

/* Begin PBXFileReference section */
		0698C4D29904BA6B507830A6 /* Pods-ChipChat.release.xcconfig */ = {isa = PBXFileReference; includeInIndex = 1; lastKnownFileType = text.xcconfig; name = "Pods-ChipChat.release.xcconfig"; path = "Target Support Files/Pods-ChipChat/Pods-ChipChat.release.xcconfig"; sourceTree = "<group>"; };
		11A4BCB52572CC5500C09D7A /* AuthService.swift */ = {isa = PBXFileReference; lastKnownFileType = sourcecode.swift; path = AuthService.swift; sourceTree = "<group>"; };
		11A4BCB82574151D00C09D7A /* NewMessageController.swift */ = {isa = PBXFileReference; lastKnownFileType = sourcecode.swift; path = NewMessageController.swift; sourceTree = "<group>"; };
		11A4BCBB257422D200C09D7A /* UserCell.swift */ = {isa = PBXFileReference; lastKnownFileType = sourcecode.swift; path = UserCell.swift; sourceTree = "<group>"; };
		11A4BCBE2574287800C09D7A /* User.swift */ = {isa = PBXFileReference; lastKnownFileType = sourcecode.swift; path = User.swift; sourceTree = "<group>"; };
		11A4BCC1257428F900C09D7A /* Service.swift */ = {isa = PBXFileReference; lastKnownFileType = sourcecode.swift; path = Service.swift; sourceTree = "<group>"; };
		11F7E21A256FA773000B8B30 /* ChipChat.app */ = {isa = PBXFileReference; explicitFileType = wrapper.application; includeInIndex = 0; path = ChipChat.app; sourceTree = BUILT_PRODUCTS_DIR; };
		11F7E21D256FA773000B8B30 /* AppDelegate.swift */ = {isa = PBXFileReference; lastKnownFileType = sourcecode.swift; path = AppDelegate.swift; sourceTree = "<group>"; };
		11F7E21F256FA773000B8B30 /* SceneDelegate.swift */ = {isa = PBXFileReference; lastKnownFileType = sourcecode.swift; path = SceneDelegate.swift; sourceTree = "<group>"; };
		11F7E221256FA773000B8B30 /* ViewController.swift */ = {isa = PBXFileReference; lastKnownFileType = sourcecode.swift; path = ViewController.swift; sourceTree = "<group>"; };
		11F7E224256FA773000B8B30 /* Base */ = {isa = PBXFileReference; lastKnownFileType = file.storyboard; name = Base; path = Base.lproj/Main.storyboard; sourceTree = "<group>"; };
		11F7E226256FA776000B8B30 /* Assets.xcassets */ = {isa = PBXFileReference; lastKnownFileType = folder.assetcatalog; path = Assets.xcassets; sourceTree = "<group>"; };
		11F7E229256FA776000B8B30 /* Base */ = {isa = PBXFileReference; lastKnownFileType = file.storyboard; name = Base; path = Base.lproj/LaunchScreen.storyboard; sourceTree = "<group>"; };
		11F7E22B256FA776000B8B30 /* Info.plist */ = {isa = PBXFileReference; lastKnownFileType = text.plist.xml; path = Info.plist; sourceTree = "<group>"; };
		11F7E23E256FA806000B8B30 /* ConversationsController.swift */ = {isa = PBXFileReference; lastKnownFileType = sourcecode.swift; path = ConversationsController.swift; sourceTree = "<group>"; };
		11F7E242256FB167000B8B30 /* LoginController.swift */ = {isa = PBXFileReference; lastKnownFileType = sourcecode.swift; path = LoginController.swift; sourceTree = "<group>"; };
		11F7E246256FB16E000B8B30 /* RegistrationController.swift */ = {isa = PBXFileReference; lastKnownFileType = sourcecode.swift; path = RegistrationController.swift; sourceTree = "<group>"; };
		11F7E249256FB752000B8B30 /* Extensions.swift */ = {isa = PBXFileReference; lastKnownFileType = sourcecode.swift; path = Extensions.swift; sourceTree = "<group>"; };
		11F7E24C2570EFF9000B8B30 /* InputContainerView.swift */ = {isa = PBXFileReference; lastKnownFileType = sourcecode.swift; path = InputContainerView.swift; sourceTree = "<group>"; };
		11F7E24F2570F2F5000B8B30 /* CustomTextField.swift */ = {isa = PBXFileReference; lastKnownFileType = sourcecode.swift; path = CustomTextField.swift; sourceTree = "<group>"; };
		11F7E2562570FF90000B8B30 /* CustomAuthButton.swift */ = {isa = PBXFileReference; lastKnownFileType = sourcecode.swift; path = CustomAuthButton.swift; sourceTree = "<group>"; };
		11F7E25925710941000B8B30 /* ChipChat.entitlements */ = {isa = PBXFileReference; lastKnownFileType = text.plist.entitlements; path = ChipChat.entitlements; sourceTree = "<group>"; };
		11F7E25B25710B3A000B8B30 /* LoginViewModel.swift */ = {isa = PBXFileReference; lastKnownFileType = sourcecode.swift; path = LoginViewModel.swift; sourceTree = "<group>"; };
		11F7E26025714A8F000B8B30 /* RegistrationViewModel.swift */ = {isa = PBXFileReference; lastKnownFileType = sourcecode.swift; path = RegistrationViewModel.swift; sourceTree = "<group>"; };
		11F7E266257152AE000B8B30 /* GoogleService-Info.plist */ = {isa = PBXFileReference; fileEncoding = 4; lastKnownFileType = text.plist.xml; path = "GoogleService-Info.plist"; sourceTree = "<group>"; };
		4998FAE1DF718C61CB398215 /* Pods_ChipChat.framework */ = {isa = PBXFileReference; explicitFileType = wrapper.framework; includeInIndex = 0; path = Pods_ChipChat.framework; sourceTree = BUILT_PRODUCTS_DIR; };
		AE9369E9302BF1F6D8DCD7BC /* Pods-ChipChat.debug.xcconfig */ = {isa = PBXFileReference; includeInIndex = 1; lastKnownFileType = text.xcconfig; name = "Pods-ChipChat.debug.xcconfig"; path = "Target Support Files/Pods-ChipChat/Pods-ChipChat.debug.xcconfig"; sourceTree = "<group>"; };
/* End PBXFileReference section */

/* Begin PBXFrameworksBuildPhase section */
		11F7E217256FA773000B8B30 /* Frameworks */ = {
			isa = PBXFrameworksBuildPhase;
			buildActionMask = 2147483647;
			files = (
				B55DDC1B2BE6A412DA08E3A2 /* Pods_ChipChat.framework in Frameworks */,
			);
			runOnlyForDeploymentPostprocessing = 0;
		};
/* End PBXFrameworksBuildPhase section */

/* Begin PBXGroup section */
		11F7E211256FA773000B8B30 = {
			isa = PBXGroup;
			children = (
				11F7E21C256FA773000B8B30 /* ChipChat */,
				11F7E21B256FA773000B8B30 /* Products */,
				B56D2A60B5CD37A4CC584075 /* Pods */,
				A68E27DA25E341320322CE7F /* Frameworks */,
			);
			sourceTree = "<group>";
		};
		11F7E21B256FA773000B8B30 /* Products */ = {
			isa = PBXGroup;
			children = (
				11F7E21A256FA773000B8B30 /* ChipChat.app */,
			);
			name = Products;
			sourceTree = "<group>";
		};
		11F7E21C256FA773000B8B30 /* ChipChat */ = {
			isa = PBXGroup;
			children = (
				11F7E25925710941000B8B30 /* ChipChat.entitlements */,
				11F7E23C256FA7C5000B8B30 /* Model */,
				11F7E23B256FA7C2000B8B30 /* View */,
				11F7E23A256FA7C0000B8B30 /* View Model */,
				11F7E239256FA7B8000B8B30 /* Controller */,
				11F7E237256FA7A0000B8B30 /* API */,
				11F7E233256FA787000B8B30 /* Utils */,
				11F7E21D256FA773000B8B30 /* AppDelegate.swift */,
				11F7E21F256FA773000B8B30 /* SceneDelegate.swift */,
				11F7E221256FA773000B8B30 /* ViewController.swift */,
				11F7E223256FA773000B8B30 /* Main.storyboard */,
				11F7E226256FA776000B8B30 /* Assets.xcassets */,
				11F7E228256FA776000B8B30 /* LaunchScreen.storyboard */,
				11F7E22B256FA776000B8B30 /* Info.plist */,
				11F7E266257152AE000B8B30 /* GoogleService-Info.plist */,
			);
			path = ChipChat;
			sourceTree = "<group>";
		};
		11F7E233256FA787000B8B30 /* Utils */ = {
			isa = PBXGroup;
			children = (
				11F7E249256FB752000B8B30 /* Extensions.swift */,
			);
			path = Utils;
			sourceTree = "<group>";
		};
		11F7E237256FA7A0000B8B30 /* API */ = {
			isa = PBXGroup;
			children = (
				11A4BCB52572CC5500C09D7A /* AuthService.swift */,
				11A4BCC1257428F900C09D7A /* Service.swift */,
			);
			path = API;
			sourceTree = "<group>";
		};
		11F7E239256FA7B8000B8B30 /* Controller */ = {
			isa = PBXGroup;
			children = (
				11F7E241256FB15A000B8B30 /* Authentication */,
				11F7E23E256FA806000B8B30 /* ConversationsController.swift */,
				11A4BCB82574151D00C09D7A /* NewMessageController.swift */,
			);
			name = Controller;
			path = ../Controller;
			sourceTree = "<group>";
		};
		11F7E23A256FA7C0000B8B30 /* View Model */ = {
			isa = PBXGroup;
			children = (
				11F7E26425714B43000B8B30 /* Authentication */,
			);
			path = "View Model";
			sourceTree = "<group>";
		};
		11F7E23B256FA7C2000B8B30 /* View */ = {
			isa = PBXGroup;
			children = (
				11F7E24C2570EFF9000B8B30 /* InputContainerView.swift */,
				11F7E24F2570F2F5000B8B30 /* CustomTextField.swift */,
				11F7E2562570FF90000B8B30 /* CustomAuthButton.swift */,
				11A4BCBB257422D200C09D7A /* UserCell.swift */,
			);
			path = View;
			sourceTree = "<group>";
		};
		11F7E23C256FA7C5000B8B30 /* Model */ = {
			isa = PBXGroup;
			children = (
				11A4BCBE2574287800C09D7A /* User.swift */,
			);
			path = Model;
			sourceTree = "<group>";
		};
		11F7E241256FB15A000B8B30 /* Authentication */ = {
			isa = PBXGroup;
			children = (
				11F7E242256FB167000B8B30 /* LoginController.swift */,
				11F7E246256FB16E000B8B30 /* RegistrationController.swift */,
			);
			path = Authentication;
			sourceTree = "<group>";
		};
		11F7E26425714B43000B8B30 /* Authentication */ = {
			isa = PBXGroup;
			children = (
				11F7E25B25710B3A000B8B30 /* LoginViewModel.swift */,
				11F7E26025714A8F000B8B30 /* RegistrationViewModel.swift */,
			);
			path = Authentication;
			sourceTree = "<group>";
		};
		A68E27DA25E341320322CE7F /* Frameworks */ = {
			isa = PBXGroup;
			children = (
				4998FAE1DF718C61CB398215 /* Pods_ChipChat.framework */,
			);
			name = Frameworks;
			sourceTree = "<group>";
		};
		B56D2A60B5CD37A4CC584075 /* Pods */ = {
			isa = PBXGroup;
			children = (
				AE9369E9302BF1F6D8DCD7BC /* Pods-ChipChat.debug.xcconfig */,
				0698C4D29904BA6B507830A6 /* Pods-ChipChat.release.xcconfig */,
			);
			path = Pods;
			sourceTree = "<group>";
		};
/* End PBXGroup section */

/* Begin PBXNativeTarget section */
		11F7E219256FA773000B8B30 /* ChipChat */ = {
			isa = PBXNativeTarget;
			buildConfigurationList = 11F7E22E256FA776000B8B30 /* Build configuration list for PBXNativeTarget "ChipChat" */;
			buildPhases = (
				C9F87DF1CB4B56A8B6ED8437 /* [CP] Check Pods Manifest.lock */,
				11F7E216256FA773000B8B30 /* Sources */,
				11F7E217256FA773000B8B30 /* Frameworks */,
				11F7E218256FA773000B8B30 /* Resources */,
				291908A27753B459F181E3F0 /* [CP] Embed Pods Frameworks */,
			);
			buildRules = (
			);
			dependencies = (
			);
			name = ChipChat;
			productName = ChipChat;
			productReference = 11F7E21A256FA773000B8B30 /* ChipChat.app */;
			productType = "com.apple.product-type.application";
		};
/* End PBXNativeTarget section */

/* Begin PBXProject section */
		11F7E212256FA773000B8B30 /* Project object */ = {
			isa = PBXProject;
			attributes = {
				LastSwiftUpdateCheck = 1210;
				LastUpgradeCheck = 1210;
				TargetAttributes = {
					11F7E219256FA773000B8B30 = {
						CreatedOnToolsVersion = 12.1;
					};
				};
			};
			buildConfigurationList = 11F7E215256FA773000B8B30 /* Build configuration list for PBXProject "ChipChat" */;
			compatibilityVersion = "Xcode 9.3";
			developmentRegion = en;
			hasScannedForEncodings = 0;
			knownRegions = (
				en,
				Base,
			);
			mainGroup = 11F7E211256FA773000B8B30;
			productRefGroup = 11F7E21B256FA773000B8B30 /* Products */;
			projectDirPath = "";
			projectRoot = "";
			targets = (
				11F7E219256FA773000B8B30 /* ChipChat */,
			);
		};
/* End PBXProject section */

/* Begin PBXResourcesBuildPhase section */
		11F7E218256FA773000B8B30 /* Resources */ = {
			isa = PBXResourcesBuildPhase;
			buildActionMask = 2147483647;
			files = (
				11F7E22A256FA776000B8B30 /* LaunchScreen.storyboard in Resources */,
				11F7E267257152AE000B8B30 /* GoogleService-Info.plist in Resources */,
				11F7E227256FA776000B8B30 /* Assets.xcassets in Resources */,
				11F7E225256FA773000B8B30 /* Main.storyboard in Resources */,
			);
			runOnlyForDeploymentPostprocessing = 0;
		};
/* End PBXResourcesBuildPhase section */

/* Begin PBXShellScriptBuildPhase section */
		291908A27753B459F181E3F0 /* [CP] Embed Pods Frameworks */ = {
			isa = PBXShellScriptBuildPhase;
			buildActionMask = 2147483647;
			files = (
			);
			inputFileListPaths = (
				"${PODS_ROOT}/Target Support Files/Pods-ChipChat/Pods-ChipChat-frameworks-${CONFIGURATION}-input-files.xcfilelist",
			);
			name = "[CP] Embed Pods Frameworks";
			outputFileListPaths = (
				"${PODS_ROOT}/Target Support Files/Pods-ChipChat/Pods-ChipChat-frameworks-${CONFIGURATION}-output-files.xcfilelist",
			);
			runOnlyForDeploymentPostprocessing = 0;
			shellPath = /bin/sh;
			shellScript = "\"${PODS_ROOT}/Target Support Files/Pods-ChipChat/Pods-ChipChat-frameworks.sh\"\n";
			showEnvVarsInLog = 0;
		};
		C9F87DF1CB4B56A8B6ED8437 /* [CP] Check Pods Manifest.lock */ = {
			isa = PBXShellScriptBuildPhase;
			buildActionMask = 2147483647;
			files = (
			);
			inputFileListPaths = (
			);
			inputPaths = (
				"${PODS_PODFILE_DIR_PATH}/Podfile.lock",
				"${PODS_ROOT}/Manifest.lock",
			);
			name = "[CP] Check Pods Manifest.lock";
			outputFileListPaths = (
			);
			outputPaths = (
				"$(DERIVED_FILE_DIR)/Pods-ChipChat-checkManifestLockResult.txt",
			);
			runOnlyForDeploymentPostprocessing = 0;
			shellPath = /bin/sh;
			shellScript = "diff \"${PODS_PODFILE_DIR_PATH}/Podfile.lock\" \"${PODS_ROOT}/Manifest.lock\" > /dev/null\nif [ $? != 0 ] ; then\n    # print error to STDERR\n    echo \"error: The sandbox is not in sync with the Podfile.lock. Run 'pod install' or update your CocoaPods installation.\" >&2\n    exit 1\nfi\n# This output is used by Xcode 'outputs' to avoid re-running this script phase.\necho \"SUCCESS\" > \"${SCRIPT_OUTPUT_FILE_0}\"\n";
			showEnvVarsInLog = 0;
		};
/* End PBXShellScriptBuildPhase section */

/* Begin PBXSourcesBuildPhase section */
		11F7E216256FA773000B8B30 /* Sources */ = {
			isa = PBXSourcesBuildPhase;
			buildActionMask = 2147483647;
			files = (
				11F7E222256FA773000B8B30 /* ViewController.swift in Sources */,
				11F7E26125714A8F000B8B30 /* RegistrationViewModel.swift in Sources */,
				11F7E24D2570EFF9000B8B30 /* InputContainerView.swift in Sources */,
				11F7E25C25710B3A000B8B30 /* LoginViewModel.swift in Sources */,
				11A4BCBF2574287800C09D7A /* User.swift in Sources */,
				11A4BCB92574151D00C09D7A /* NewMessageController.swift in Sources */,
				11F7E21E256FA773000B8B30 /* AppDelegate.swift in Sources */,
				11F7E23F256FA806000B8B30 /* ConversationsController.swift in Sources */,
				11A4BCB62572CC5500C09D7A /* AuthService.swift in Sources */,
				11A4BCBC257422D200C09D7A /* UserCell.swift in Sources */,
				11F7E220256FA773000B8B30 /* SceneDelegate.swift in Sources */,
				11A4BCC2257428F900C09D7A /* Service.swift in Sources */,
				11F7E247256FB16E000B8B30 /* RegistrationController.swift in Sources */,
				11F7E2572570FF90000B8B30 /* CustomAuthButton.swift in Sources */,
				11F7E243256FB167000B8B30 /* LoginController.swift in Sources */,
				11F7E24A256FB752000B8B30 /* Extensions.swift in Sources */,
				11F7E2502570F2F5000B8B30 /* CustomTextField.swift in Sources */,
			);
			runOnlyForDeploymentPostprocessing = 0;
		};
/* End PBXSourcesBuildPhase section */

/* Begin PBXVariantGroup section */
		11F7E223256FA773000B8B30 /* Main.storyboard */ = {
			isa = PBXVariantGroup;
			children = (
				11F7E224256FA773000B8B30 /* Base */,
			);
			name = Main.storyboard;
			sourceTree = "<group>";
		};
		11F7E228256FA776000B8B30 /* LaunchScreen.storyboard */ = {
			isa = PBXVariantGroup;
			children = (
				11F7E229256FA776000B8B30 /* Base */,
			);
			name = LaunchScreen.storyboard;
			sourceTree = "<group>";
		};
/* End PBXVariantGroup section */

/* Begin XCBuildConfiguration section */
		11F7E22C256FA776000B8B30 /* Debug */ = {
			isa = XCBuildConfiguration;
			buildSettings = {
				ALWAYS_SEARCH_USER_PATHS = NO;
				CLANG_ANALYZER_NONNULL = YES;
				CLANG_ANALYZER_NUMBER_OBJECT_CONVERSION = YES_AGGRESSIVE;
				CLANG_CXX_LANGUAGE_STANDARD = "gnu++14";
				CLANG_CXX_LIBRARY = "libc++";
				CLANG_ENABLE_MODULES = YES;
				CLANG_ENABLE_OBJC_ARC = YES;
				CLANG_ENABLE_OBJC_WEAK = YES;
				CLANG_WARN_BLOCK_CAPTURE_AUTORELEASING = YES;
				CLANG_WARN_BOOL_CONVERSION = YES;
				CLANG_WARN_COMMA = YES;
				CLANG_WARN_CONSTANT_CONVERSION = YES;
				CLANG_WARN_DEPRECATED_OBJC_IMPLEMENTATIONS = YES;
				CLANG_WARN_DIRECT_OBJC_ISA_USAGE = YES_ERROR;
				CLANG_WARN_DOCUMENTATION_COMMENTS = YES;
				CLANG_WARN_EMPTY_BODY = YES;
				CLANG_WARN_ENUM_CONVERSION = YES;
				CLANG_WARN_INFINITE_RECURSION = YES;
				CLANG_WARN_INT_CONVERSION = YES;
				CLANG_WARN_NON_LITERAL_NULL_CONVERSION = YES;
				CLANG_WARN_OBJC_IMPLICIT_RETAIN_SELF = YES;
				CLANG_WARN_OBJC_LITERAL_CONVERSION = YES;
				CLANG_WARN_OBJC_ROOT_CLASS = YES_ERROR;
				CLANG_WARN_QUOTED_INCLUDE_IN_FRAMEWORK_HEADER = YES;
				CLANG_WARN_RANGE_LOOP_ANALYSIS = YES;
				CLANG_WARN_STRICT_PROTOTYPES = YES;
				CLANG_WARN_SUSPICIOUS_MOVE = YES;
				CLANG_WARN_UNGUARDED_AVAILABILITY = YES_AGGRESSIVE;
				CLANG_WARN_UNREACHABLE_CODE = YES;
				CLANG_WARN__DUPLICATE_METHOD_MATCH = YES;
				COPY_PHASE_STRIP = NO;
				DEBUG_INFORMATION_FORMAT = dwarf;
				ENABLE_STRICT_OBJC_MSGSEND = YES;
				ENABLE_TESTABILITY = YES;
				GCC_C_LANGUAGE_STANDARD = gnu11;
				GCC_DYNAMIC_NO_PIC = NO;
				GCC_NO_COMMON_BLOCKS = YES;
				GCC_OPTIMIZATION_LEVEL = 0;
				GCC_PREPROCESSOR_DEFINITIONS = (
					"DEBUG=1",
					"$(inherited)",
				);
				GCC_WARN_64_TO_32_BIT_CONVERSION = YES;
				GCC_WARN_ABOUT_RETURN_TYPE = YES_ERROR;
				GCC_WARN_UNDECLARED_SELECTOR = YES;
				GCC_WARN_UNINITIALIZED_AUTOS = YES_AGGRESSIVE;
				GCC_WARN_UNUSED_FUNCTION = YES;
				GCC_WARN_UNUSED_VARIABLE = YES;
				IPHONEOS_DEPLOYMENT_TARGET = 14.1;
				MTL_ENABLE_DEBUG_INFO = INCLUDE_SOURCE;
				MTL_FAST_MATH = YES;
				ONLY_ACTIVE_ARCH = YES;
				SDKROOT = iphoneos;
				SWIFT_ACTIVE_COMPILATION_CONDITIONS = DEBUG;
				SWIFT_OPTIMIZATION_LEVEL = "-Onone";
			};
			name = Debug;
		};
		11F7E22D256FA776000B8B30 /* Release */ = {
			isa = XCBuildConfiguration;
			buildSettings = {
				ALWAYS_SEARCH_USER_PATHS = NO;
				CLANG_ANALYZER_NONNULL = YES;
				CLANG_ANALYZER_NUMBER_OBJECT_CONVERSION = YES_AGGRESSIVE;
				CLANG_CXX_LANGUAGE_STANDARD = "gnu++14";
				CLANG_CXX_LIBRARY = "libc++";
				CLANG_ENABLE_MODULES = YES;
				CLANG_ENABLE_OBJC_ARC = YES;
				CLANG_ENABLE_OBJC_WEAK = YES;
				CLANG_WARN_BLOCK_CAPTURE_AUTORELEASING = YES;
				CLANG_WARN_BOOL_CONVERSION = YES;
				CLANG_WARN_COMMA = YES;
				CLANG_WARN_CONSTANT_CONVERSION = YES;
				CLANG_WARN_DEPRECATED_OBJC_IMPLEMENTATIONS = YES;
				CLANG_WARN_DIRECT_OBJC_ISA_USAGE = YES_ERROR;
				CLANG_WARN_DOCUMENTATION_COMMENTS = YES;
				CLANG_WARN_EMPTY_BODY = YES;
				CLANG_WARN_ENUM_CONVERSION = YES;
				CLANG_WARN_INFINITE_RECURSION = YES;
				CLANG_WARN_INT_CONVERSION = YES;
				CLANG_WARN_NON_LITERAL_NULL_CONVERSION = YES;
				CLANG_WARN_OBJC_IMPLICIT_RETAIN_SELF = YES;
				CLANG_WARN_OBJC_LITERAL_CONVERSION = YES;
				CLANG_WARN_OBJC_ROOT_CLASS = YES_ERROR;
				CLANG_WARN_QUOTED_INCLUDE_IN_FRAMEWORK_HEADER = YES;
				CLANG_WARN_RANGE_LOOP_ANALYSIS = YES;
				CLANG_WARN_STRICT_PROTOTYPES = YES;
				CLANG_WARN_SUSPICIOUS_MOVE = YES;
				CLANG_WARN_UNGUARDED_AVAILABILITY = YES_AGGRESSIVE;
				CLANG_WARN_UNREACHABLE_CODE = YES;
				CLANG_WARN__DUPLICATE_METHOD_MATCH = YES;
				COPY_PHASE_STRIP = NO;
				DEBUG_INFORMATION_FORMAT = "dwarf-with-dsym";
				ENABLE_NS_ASSERTIONS = NO;
				ENABLE_STRICT_OBJC_MSGSEND = YES;
				GCC_C_LANGUAGE_STANDARD = gnu11;
				GCC_NO_COMMON_BLOCKS = YES;
				GCC_WARN_64_TO_32_BIT_CONVERSION = YES;
				GCC_WARN_ABOUT_RETURN_TYPE = YES_ERROR;
				GCC_WARN_UNDECLARED_SELECTOR = YES;
				GCC_WARN_UNINITIALIZED_AUTOS = YES_AGGRESSIVE;
				GCC_WARN_UNUSED_FUNCTION = YES;
				GCC_WARN_UNUSED_VARIABLE = YES;
				IPHONEOS_DEPLOYMENT_TARGET = 14.1;
				MTL_ENABLE_DEBUG_INFO = NO;
				MTL_FAST_MATH = YES;
				SDKROOT = iphoneos;
				SWIFT_COMPILATION_MODE = wholemodule;
				SWIFT_OPTIMIZATION_LEVEL = "-O";
				VALIDATE_PRODUCT = YES;
			};
			name = Release;
		};
		11F7E22F256FA776000B8B30 /* Debug */ = {
			isa = XCBuildConfiguration;
			baseConfigurationReference = AE9369E9302BF1F6D8DCD7BC /* Pods-ChipChat.debug.xcconfig */;
			buildSettings = {
				ASSETCATALOG_COMPILER_APPICON_NAME = AppIcon;
				ASSETCATALOG_COMPILER_GLOBAL_ACCENT_COLOR_NAME = AccentColor;
				CODE_SIGN_ENTITLEMENTS = ChipChat/ChipChat.entitlements;
				CODE_SIGN_STYLE = Automatic;
				DEVELOPMENT_TEAM = 584W76NDBF;
				INFOPLIST_FILE = ChipChat/Info.plist;
				IPHONEOS_DEPLOYMENT_TARGET = 14.1;
				LD_RUNPATH_SEARCH_PATHS = (
					"$(inherited)",
					"@executable_path/Frameworks",
				);
				PRODUCT_BUNDLE_IDENTIFIER = co.AlexanderHa.ChipChat;
				PRODUCT_NAME = "$(TARGET_NAME)";
				SWIFT_VERSION = 5.0;
				TARGETED_DEVICE_FAMILY = 1;
			};
			name = Debug;
		};
		11F7E230256FA776000B8B30 /* Release */ = {
			isa = XCBuildConfiguration;
			baseConfigurationReference = 0698C4D29904BA6B507830A6 /* Pods-ChipChat.release.xcconfig */;
			buildSettings = {
				ASSETCATALOG_COMPILER_APPICON_NAME = AppIcon;
				ASSETCATALOG_COMPILER_GLOBAL_ACCENT_COLOR_NAME = AccentColor;
				CODE_SIGN_ENTITLEMENTS = ChipChat/ChipChat.entitlements;
				CODE_SIGN_STYLE = Automatic;
				DEVELOPMENT_TEAM = 584W76NDBF;
				INFOPLIST_FILE = ChipChat/Info.plist;
				IPHONEOS_DEPLOYMENT_TARGET = 14.1;
				LD_RUNPATH_SEARCH_PATHS = (
					"$(inherited)",
					"@executable_path/Frameworks",
				);
				PRODUCT_BUNDLE_IDENTIFIER = co.AlexanderHa.ChipChat;
				PRODUCT_NAME = "$(TARGET_NAME)";
				SWIFT_VERSION = 5.0;
				TARGETED_DEVICE_FAMILY = 1;
			};
			name = Release;
		};
/* End XCBuildConfiguration section */

/* Begin XCConfigurationList section */
		11F7E215256FA773000B8B30 /* Build configuration list for PBXProject "ChipChat" */ = {
			isa = XCConfigurationList;
			buildConfigurations = (
				11F7E22C256FA776000B8B30 /* Debug */,
				11F7E22D256FA776000B8B30 /* Release */,
			);
			defaultConfigurationIsVisible = 0;
			defaultConfigurationName = Release;
		};
		11F7E22E256FA776000B8B30 /* Build configuration list for PBXNativeTarget "ChipChat" */ = {
			isa = XCConfigurationList;
			buildConfigurations = (
				11F7E22F256FA776000B8B30 /* Debug */,
				11F7E230256FA776000B8B30 /* Release */,
			);
			defaultConfigurationIsVisible = 0;
			defaultConfigurationName = Release;
		};
/* End XCConfigurationList section */
	};
	rootObject = 11F7E212256FA773000B8B30 /* Project object */;
}
